
Microsoft Visual Studio Solution File, Format Version 12.00
Project("{FAE04EC0-301F-11D3-BF4B-00C04F79EFBC}") = "DistantWorlds2.BundleManager", "DistantWorlds2.BundleManager\DistantWorlds2.BundleManager.csproj", "{10C4CDF9-2A99-44CD-A53A-3B4054684889}"
EndProject
Project("{FAE04EC0-301F-11D3-BF4B-00C04F79EFBC}") = "DistantWorlds2.Core", "DistantWorlds2.Core\DistantWorlds2.Core.csproj", "{65289CF7-11B5-479E-8BCC-B762DF1F57EE}"
EndProject
Project("{FAE04EC0-301F-11D3-BF4B-00C04F79EFBC}") = "DistantWorlds2.AssetExtractor", "DistantWorlds2.AssetExtractor\DistantWorlds2.AssetExtractor.csproj", "{01BB2A92-AF8A-4E93-9966-2F93B8BB33B9}"
EndProject
Global
	GlobalSection(SolutionConfigurationPlatforms) = preSolution
		Debug|Any CPU = Debug|Any CPU
		Debug|x64 = Debug|x64
		Debug|x86 = Debug|x86
		Release|Any CPU = Release|Any CPU
		Release|x64 = Release|x64
		Release|x86 = Release|x86
	EndGlobalSection
	GlobalSection(ProjectConfigurationPlatforms) = postSolution
		{10C4CDF9-2A99-44CD-A53A-3B4054684889}.Debug|Any CPU.ActiveCfg = Debug|Any CPU
		{10C4CDF9-2A99-44CD-A53A-3B4054684889}.Debug|Any CPU.Build.0 = Debug|Any CPU
		{10C4CDF9-2A99-44CD-A53A-3B4054684889}.Debug|x64.ActiveCfg = Debug|Any CPU
		{10C4CDF9-2A99-44CD-A53A-3B4054684889}.Debug|x64.Build.0 = Debug|Any CPU
		{10C4CDF9-2A99-44CD-A53A-3B4054684889}.Debug|x86.ActiveCfg = Debug|Any CPU
		{10C4CDF9-2A99-44CD-A53A-3B4054684889}.Debug|x86.Build.0 = Debug|Any CPU
		{10C4CDF9-2A99-44CD-A53A-3B4054684889}.Release|Any CPU.ActiveCfg = Release|Any CPU
		{10C4CDF9-2A99-44CD-A53A-3B4054684889}.Release|Any CPU.Build.0 = Release|Any CPU
		{10C4CDF9-2A99-44CD-A53A-3B4054684889}.Release|x64.ActiveCfg = Release|Any CPU
		{10C4CDF9-2A99-44CD-A53A-3B4054684889}.Release|x64.Build.0 = Release|Any CPU
		{10C4CDF9-2A99-44CD-A53A-3B4054684889}.Release|x86.ActiveCfg = Release|Any CPU
		{10C4CDF9-2A99-44CD-A53A-3B4054684889}.Release|x86.Build.0 = Release|Any CPU
		{65289CF7-11B5-479E-8BCC-B762DF1F57EE}.Debug|Any CPU.ActiveCfg = Debug|Any CPU
		{65289CF7-11B5-479E-8BCC-B762DF1F57EE}.Debug|Any CPU.Build.0 = Debug|Any CPU
		{65289CF7-11B5-479E-8BCC-B762DF1F57EE}.Debug|x64.ActiveCfg = Debug|Any CPU
		{65289CF7-11B5-479E-8BCC-B762DF1F57EE}.Debug|x64.Build.0 = Debug|Any CPU
		{65289CF7-11B5-479E-8BCC-B762DF1F57EE}.Debug|x86.ActiveCfg = Debug|Any CPU
		{65289CF7-11B5-479E-8BCC-B762DF1F57EE}.Debug|x86.Build.0 = Debug|Any CPU
		{65289CF7-11B5-479E-8BCC-B762DF1F57EE}.Release|Any CPU.ActiveCfg = Release|Any CPU
		{65289CF7-11B5-479E-8BCC-B762DF1F57EE}.Release|Any CPU.Build.0 = Release|Any CPU
		{65289CF7-11B5-479E-8BCC-B762DF1F57EE}.Release|x64.ActiveCfg = Release|Any CPU
		{65289CF7-11B5-479E-8BCC-B762DF1F57EE}.Release|x64.Build.0 = Release|Any CPU
		{65289CF7-11B5-479E-8BCC-B762DF1F57EE}.Release|x86.ActiveCfg = Release|Any CPU
		{65289CF7-11B5-479E-8BCC-B762DF1F57EE}.Release|x86.Build.0 = Release|Any CPU
		{01BB2A92-AF8A-4E93-9966-2F93B8BB33B9}.Debug|Any CPU.ActiveCfg = Debug|Any CPU
		{01BB2A92-AF8A-4E93-9966-2F93B8BB33B9}.Debug|Any CPU.Build.0 = Debug|Any CPU
		{01BB2A92-AF8A-4E93-9966-2F93B8BB33B9}.Debug|x64.ActiveCfg = Debug|Any CPU
		{01BB2A92-AF8A-4E93-9966-2F93B8BB33B9}.Debug|x64.Build.0 = Debug|Any CPU
		{01BB2A92-AF8A-4E93-9966-2F93B8BB33B9}.Debug|x86.ActiveCfg = Debug|Any CPU
		{01BB2A92-AF8A-4E93-9966-2F93B8BB33B9}.Debug|x86.Build.0 = Debug|Any CPU
		{01BB2A92-AF8A-4E93-9966-2F93B8BB33B9}.Release|Any CPU.ActiveCfg = Release|Any CPU
		{01BB2A92-AF8A-4E93-9966-2F93B8BB33B9}.Release|Any CPU.Build.0 = Release|Any CPU
		{01BB2A92-AF8A-4E93-9966-2F93B8BB33B9}.Release|x64.ActiveCfg = Release|Any CPU
		{01BB2A92-AF8A-4E93-9966-2F93B8BB33B9}.Release|x64.Build.0 = Release|Any CPU
		{01BB2A92-AF8A-4E93-9966-2F93B8BB33B9}.Release|x86.ActiveCfg = Release|Any CPU
		{01BB2A92-AF8A-4E93-9966-2F93B8BB33B9}.Release|x86.Build.0 = Release|Any CPU
	EndGlobalSection
	GlobalSection(SolutionProperties) = preSolution
		HideSolutionNode = FALSE
	EndGlobalSection
EndGlobal
